# THIS IS AN AUTOGENERATED FILE. DO NOT EDIT THIS FILE DIRECTLY.
# yarn lockfile v1


"@napi-rs/cli@^2.0.0":
  version "2.18.4"
  resolved "https://registry.yarnpkg.com/@napi-rs/cli/-/cli-2.18.4.tgz#12bebfb7995902fa7ab43cc0b155a7f5a2caa873"
  integrity sha512-SgJeA4df9DE2iAEpr3M2H0OKl/yjtg1BnRI5/JyowS71tUWhrfSu2LT0V3vlHET+g1hBVlrO60PmEXwUEKp8Mg==

tiny-benchy@^2.1.0:
  version "2.1.0"
  resolved "https://registry.yarnpkg.com/tiny-benchy/-/tiny-benchy-2.1.0.tgz#f14c2597c54dd4c35ab582824ca4613a60d010d3"
  integrity sha512-84QOWzFrcrswVVfpGp0Bg1uLLKC59EdgT58l57A8J8orCR2wGemCsqsxhpJ7JmbTx8py2915+B9kpcsPDmuTcQ==
