# THIS IS AN AUTOGENERATED FILE. DO NOT EDIT THIS FILE DIRECTLY.
# yarn lockfile v1


"@emnapi/core@^1.7.1":
  version "1.8.1"
  resolved "https://registry.npmmirror.com/@emnapi/core/-/core-1.8.1.tgz#fd9efe721a616288345ffee17a1f26ac5dd01349"
  integrity sha512-AvT9QFpxK0Zd8J0jopedNm+w/2fIzvtPKPjqyw9jwvBaReTTqPBk9Hixaz7KbjimP+QNz605/XnjFcDAL2pqBg==
  dependencies:
    "@emnapi/wasi-threads" "1.1.0"
    tslib "^2.4.0"

"@emnapi/runtime@^1.7.1":
  version "1.8.1"
  resolved "https://registry.npmmirror.com/@emnapi/runtime/-/runtime-1.8.1.tgz#550fa7e3c0d49c5fb175a116e8cd70614f9a22a5"
  integrity sha512-mehfKSMWjjNol8659Z8KxEMrdSJDDot5SXMq00dM8BN4o+CLNXQ0xH2V7EchNHV4RmbZLmmPdEaXZc5H2FXmDg==
  dependencies:
    tslib "^2.4.0"

"@emnapi/wasi-threads@1.1.0":
  version "1.1.0"
  resolved "https://registry.npmmirror.com/@emnapi/wasi-threads/-/wasi-threads-1.1.0.tgz#60b2102fddc9ccb78607e4a3cf8403ea69be41bf"
  integrity sha512-WI0DdZ8xFSbgMjR1sFsKABJ/C5OnRrjT06JXbZKexJGrDuPTzZdDYfFlsgcCXCyf+suG5QU2e/y1Wo2V/OapLQ==
  dependencies:
    tslib "^2.4.0"

"@inquirer/ansi@^2.0.3":
  version "2.0.3"
  resolved "https://registry.npmmirror.com/@inquirer/ansi/-/ansi-2.0.3.tgz#3c4c5b587894278996c2750db83d89fb547b796b"
  integrity sha512-g44zhR3NIKVs0zUesa4iMzExmZpLUdTLRMCStqX3GE5NT6VkPcxQGJ+uC8tDgBUC/vB1rUhUd55cOf++4NZcmw==

"@inquirer/checkbox@^5.0.4":
  version "5.0.4"
  resolved "https://registry.npmmirror.com/@inquirer/checkbox/-/checkbox-5.0.4.tgz#813e8fd64c5f9ce064e4a6517a1fcc4524d2cf05"
  integrity sha512-DrAMU3YBGMUAp6ArwTIp/25CNDtDbxk7UjIrrtM25JVVrlVYlVzHh5HR1BDFu9JMyUoZ4ZanzeaHqNDttf3gVg==
  dependencies:
    "@inquirer/ansi" "^2.0.3"
    "@inquirer/core" "^11.1.1"
    "@inquirer/figures" "^2.0.3"
    "@inquirer/type" "^4.0.3"

"@inquirer/confirm@^6.0.4":
  version "6.0.4"
  resolved "https://registry.npmmirror.com/@inquirer/confirm/-/confirm-6.0.4.tgz#548d63981f3bc189ee0773015fbe4625e7a204a0"
  integrity sha512-WdaPe7foUnoGYvXzH4jp4wH/3l+dBhZ3uwhKjXjwdrq5tEIFaANxj6zrGHxLdsIA0yKM0kFPVcEalOZXBB5ISA==
  dependencies:
    "@inquirer/core" "^11.1.1"
    "@inquirer/type" "^4.0.3"

"@inquirer/core@^11.1.1":
  version "11.1.1"
  resolved "https://registry.npmmirror.com/@inquirer/core/-/core-11.1.1.tgz#7cf708b350f9e73b01ccb4b61ecf3016d3de1b0d"
  integrity sha512-hV9o15UxX46OyQAtaoMqAOxGR8RVl1aZtDx1jHbCtSJy1tBdTfKxLPKf7utsE4cRy4tcmCQ4+vdV+ca+oNxqNA==
  dependencies:
    "@inquirer/ansi" "^2.0.3"
    "@inquirer/figures" "^2.0.3"
    "@inquirer/type" "^4.0.3"
    cli-width "^4.1.0"
    mute-stream "^3.0.0"
    signal-exit "^4.1.0"
    wrap-ansi "^9.0.2"

"@inquirer/editor@^5.0.4":
  version "5.0.4"
  resolved "https://registry.npmmirror.com/@inquirer/editor/-/editor-5.0.4.tgz#8dda8bc92ca5a7f7326b4508f8da90358fbedfc5"
  integrity sha512-QI3Jfqcv6UO2/VJaEFONH8Im1ll++Xn/AJTBn9Xf+qx2M+H8KZAdQ5sAe2vtYlo+mLW+d7JaMJB4qWtK4BG3pw==
  dependencies:
    "@inquirer/core" "^11.1.1"
    "@inquirer/external-editor" "^2.0.3"
    "@inquirer/type" "^4.0.3"

"@inquirer/expand@^5.0.4":
  version "5.0.4"
  resolved "https://registry.npmmirror.com/@inquirer/expand/-/expand-5.0.4.tgz#72adbd795c451deb6e74d04d5da91e41a45372d3"
  integrity sha512-0I/16YwPPP0Co7a5MsomlZLpch48NzYfToyqYAOWtBmaXSB80RiNQ1J+0xx2eG+Wfxt0nHtpEWSRr6CzNVnOGg==
  dependencies:
    "@inquirer/core" "^11.1.1"
    "@inquirer/type" "^4.0.3"

"@inquirer/external-editor@^2.0.3":
  version "2.0.3"
  resolved "https://registry.npmmirror.com/@inquirer/external-editor/-/external-editor-2.0.3.tgz#c9e84d8d6040968bee33232683b05642001a4731"
  integrity sha512-LgyI7Agbda74/cL5MvA88iDpvdXI2KuMBCGRkbCl2Dg1vzHeOgs+s0SDcXV7b+WZJrv2+ERpWSM65Fpi9VfY3w==
  dependencies:
    chardet "^2.1.1"
    iconv-lite "^0.7.2"

"@inquirer/figures@^2.0.3":
  version "2.0.3"
  resolved "https://registry.npmmirror.com/@inquirer/figures/-/figures-2.0.3.tgz#9d0cd242fbdb4ed8f1f52836a977eb7071e6c512"
  integrity sha512-y09iGt3JKoOCBQ3w4YrSJdokcD8ciSlMIWsD+auPu+OZpfxLuyz+gICAQ6GCBOmJJt4KEQGHuZSVff2jiNOy7g==

"@inquirer/input@^5.0.4":
  version "5.0.4"
  resolved "https://registry.npmmirror.com/@inquirer/input/-/input-5.0.4.tgz#56a839a27ed091972f0eb6be1ed6ede2f7f4223f"
  integrity sha512-4B3s3jvTREDFvXWit92Yc6jF1RJMDy2VpSqKtm4We2oVU65YOh2szY5/G14h4fHlyQdpUmazU5MPCFZPRJ0AOw==
  dependencies:
    "@inquirer/core" "^11.1.1"
    "@inquirer/type" "^4.0.3"

"@inquirer/number@^4.0.4":
  version "4.0.4"
  resolved "https://registry.npmmirror.com/@inquirer/number/-/number-4.0.4.tgz#c0ea5cd3a3f5e15ea1e90d6144abfd338a07f4f7"
  integrity sha512-CmMp9LF5HwE+G/xWsC333TlCzYYbXMkcADkKzcawh49fg2a1ryLc7JL1NJYYt1lJ+8f4slikNjJM9TEL/AljYQ==
  dependencies:
    "@inquirer/core" "^11.1.1"
    "@inquirer/type" "^4.0.3"

"@inquirer/password@^5.0.4":
  version "5.0.4"
  resolved "https://registry.npmmirror.com/@inquirer/password/-/password-5.0.4.tgz#d691b1e9f4cc323ffff94579db040c751140c4fa"
  integrity sha512-ZCEPyVYvHK4W4p2Gy6sTp9nqsdHQCfiPXIP9LbJVW4yCinnxL/dDDmPaEZVysGrj8vxVReRnpfS2fOeODe9zjg==
  dependencies:
    "@inquirer/ansi" "^2.0.3"
    "@inquirer/core" "^11.1.1"
    "@inquirer/type" "^4.0.3"

"@inquirer/prompts@^8.0.0":
  version "8.2.0"
  resolved "https://registry.npmmirror.com/@inquirer/prompts/-/prompts-8.2.0.tgz#864494037fe3d456a829198a0563b17492b95a77"
  integrity sha512-rqTzOprAj55a27jctS3vhvDDJzYXsr33WXTjODgVOru21NvBo9yIgLIAf7SBdSV0WERVly3dR6TWyp7ZHkvKFA==
  dependencies:
    "@inquirer/checkbox" "^5.0.4"
    "@inquirer/confirm" "^6.0.4"
    "@inquirer/editor" "^5.0.4"
    "@inquirer/expand" "^5.0.4"
    "@inquirer/input" "^5.0.4"
    "@inquirer/number" "^4.0.4"
    "@inquirer/password" "^5.0.4"
    "@inquirer/rawlist" "^5.2.0"
    "@inquirer/search" "^4.1.0"
    "@inquirer/select" "^5.0.4"

"@inquirer/rawlist@^5.2.0":
  version "5.2.0"
  resolved "https://registry.npmmirror.com/@inquirer/rawlist/-/rawlist-5.2.0.tgz#fee7d58867508781ff96483f5894bfdd551a1ec2"
  integrity sha512-CciqGoOUMrFo6HxvOtU5uL8fkjCmzyeB6fG7O1vdVAZVSopUBYECOwevDBlqNLyyYmzpm2Gsn/7nLrpruy9RFg==
  dependencies:
    "@inquirer/core" "^11.1.1"
    "@inquirer/type" "^4.0.3"

"@inquirer/search@^4.1.0":
  version "4.1.0"
  resolved "https://registry.npmmirror.com/@inquirer/search/-/search-4.1.0.tgz#5e17b5787975b8b4df182ca969e525c01c98dc4f"
  integrity sha512-EAzemfiP4IFvIuWnrHpgZs9lAhWDA0GM3l9F4t4mTQ22IFtzfrk8xbkMLcAN7gmVML9O/i+Hzu8yOUyAaL6BKA==
  dependencies:
    "@inquirer/core" "^11.1.1"
    "@inquirer/figures" "^2.0.3"
    "@inquirer/type" "^4.0.3"

"@inquirer/select@^5.0.4":
  version "5.0.4"
  resolved "https://registry.npmmirror.com/@inquirer/select/-/select-5.0.4.tgz#11249c7091946681d394f649b00844f8fda38d7a"
  integrity sha512-s8KoGpPYMEQ6WXc0dT9blX2NtIulMdLOO3LA1UKOiv7KFWzlJ6eLkEYTDBIi+JkyKXyn8t/CD6TinxGjyLt57g==
  dependencies:
    "@inquirer/ansi" "^2.0.3"
    "@inquirer/core" "^11.1.1"
    "@inquirer/figures" "^2.0.3"
    "@inquirer/type" "^4.0.3"

"@inquirer/type@^4.0.3":
  version "4.0.3"
  resolved "https://registry.npmmirror.com/@inquirer/type/-/type-4.0.3.tgz#219b8c29afe366067f90705d156d1b395c9e2af0"
  integrity sha512-cKZN7qcXOpj1h+1eTTcGDVLaBIHNMT1Rz9JqJP5MnEJ0JhgVWllx7H/tahUp5YEK1qaByH2Itb8wLG/iScD5kw==

"@napi-rs/cli@^3.6.2":
  version "3.6.2"
  resolved "https://registry.npmmirror.com/@napi-rs/cli/-/cli-3.6.2.tgz#095b5ac995b801ff15bca7f08da4cb01e38066db"
  integrity sha512-jy5rABUh9tbE/vPRzw9kGzGuqZiVslyDQUV8LkvjzqVX/oJMN7g0U1uhtr9L3W1H+iRM/urXHXUf+CE4n8FvLA==
  dependencies:
    "@inquirer/prompts" "^8.0.0"
    "@napi-rs/cross-toolchain" "^1.0.3"
    "@napi-rs/wasm-tools" "^1.0.1"
    "@octokit/rest" "^22.0.1"
    clipanion "^4.0.0-rc.4"
    colorette "^2.0.20"
    emnapi "^1.9.1"
    es-toolkit "^1.41.0"
    js-yaml "^4.1.0"
    obug "^2.0.0"
    semver "^7.7.3"
    typanion "^3.14.0"

"@napi-rs/cross-toolchain@^1.0.3":
  version "1.0.3"
  resolved "https://registry.npmmirror.com/@napi-rs/cross-toolchain/-/cross-toolchain-1.0.3.tgz#8e345d0c9a8aeeaf9287e7af1d4ce83476681373"
  integrity sha512-ENPfLe4937bsKVTDA6zdABx4pq9w0tHqRrJHyaGxgaPq03a2Bd1unD5XSKjXJjebsABJ+MjAv1A2OvCgK9yehg==
  dependencies:
    "@napi-rs/lzma" "^1.4.5"
    "@napi-rs/tar" "^1.1.0"
    debug "^4.4.1"

"@napi-rs/lzma-android-arm-eabi@1.4.5":
  version "1.4.5"
  resolved "https://registry.npmmirror.com/@napi-rs/lzma-android-arm-eabi/-/lzma-android-arm-eabi-1.4.5.tgz#c6722a1d7201e269fdb6ba997d28cb41223e515c"
  integrity sha512-Up4gpyw2SacmyKWWEib06GhiDdF+H+CCU0LAV8pnM4aJIDqKKd5LHSlBht83Jut6frkB0vwEPmAkv4NjQ5u//Q==

"@napi-rs/lzma-android-arm64@1.4.5":
  version "1.4.5"
  resolved "https://registry.npmmirror.com/@napi-rs/lzma-android-arm64/-/lzma-android-arm64-1.4.5.tgz#05df61667e84419e0550200b48169057b734806f"
  integrity sha512-uwa8sLlWEzkAM0MWyoZJg0JTD3BkPknvejAFG2acUA1raXM8jLrqujWCdOStisXhqQjZ2nDMp3FV6cs//zjfuQ==

"@napi-rs/lzma-darwin-arm64@1.4.5":
  version "1.4.5"
  resolved "https://registry.npmmirror.com/@napi-rs/lzma-darwin-arm64/-/lzma-darwin-arm64-1.4.5.tgz#c37a01c53f25cb7f014870d2ea6c5576138bcaaa"
  integrity sha512-0Y0TQLQ2xAjVabrMDem1NhIssOZzF/y/dqetc6OT8mD3xMTDtF8u5BqZoX3MyPc9FzpsZw4ksol+w7DsxHrpMA==

"@napi-rs/lzma-darwin-x64@1.4.5":
  version "1.4.5"
  resolved "https://registry.npmmirror.com/@napi-rs/lzma-darwin-x64/-/lzma-darwin-x64-1.4.5.tgz#555b1dd65d7b104d28b2a12d925d7059226c7f4b"
  integrity sha512-vR2IUyJY3En+V1wJkwmbGWcYiT8pHloTAWdW4pG24+51GIq+intst6Uf6D/r46citObGZrlX0QvMarOkQeHWpw==

"@napi-rs/lzma-freebsd-x64@1.4.5":
  version "1.4.5"
  resolved "https://registry.npmmirror.com/@napi-rs/lzma-freebsd-x64/-/lzma-freebsd-x64-1.4.5.tgz#683beff15b37774ec91e1de7b4d337894bf43694"
  integrity sha512-XpnYQC5SVovO35tF0xGkbHYjsS6kqyNCjuaLQ2dbEblFRr5cAZVvsJ/9h7zj/5FluJPJRDojVNxGyRhTp4z2lw==

"@napi-rs/lzma-linux-arm-gnueabihf@1.4.5":
  version "1.4.5"
  resolved "https://registry.npmmirror.com/@napi-rs/lzma-linux-arm-gnueabihf/-/lzma-linux-arm-gnueabihf-1.4.5.tgz#505f659a9131474b7270afa4a4e9caf709c4d213"
  integrity sha512-ic1ZZMoRfRMwtSwxkyw4zIlbDZGC6davC9r+2oX6x9QiF247BRqqT94qGeL5ZP4Vtz0Hyy7TEViWhx5j6Bpzvw==

"@napi-rs/lzma-linux-arm64-gnu@1.4.5":
  version "1.4.5"
  resolved "https://registry.npmmirror.com/@napi-rs/lzma-linux-arm64-gnu/-/lzma-linux-arm64-gnu-1.4.5.tgz#ecbb944635fa004a9415d1f50f165bc0d26d3807"
  integrity sha512-asEp7FPd7C1Yi6DQb45a3KPHKOFBSfGuJWXcAd4/bL2Fjetb2n/KK2z14yfW8YC/Fv6x3rBM0VAZKmJuz4tysg==

"@napi-rs/lzma-linux-arm64-musl@1.4.5":
  version "1.4.5"
  resolved "https://registry.npmmirror.com/@napi-rs/lzma-linux-arm64-musl/-/lzma-linux-arm64-musl-1.4.5.tgz#c0d17f40ce2db0b075469a28f233fd8ce31fbb95"
  integrity sha512-yWjcPDgJ2nIL3KNvi4536dlT/CcCWO0DUyEOlBs/SacG7BeD6IjGh6yYzd3/X1Y3JItCbZoDoLUH8iB1lTXo3w==

"@napi-rs/lzma-linux-ppc64-gnu@1.4.5":
  version "1.4.5"
  resolved "https://registry.npmmirror.com/@napi-rs/lzma-linux-ppc64-gnu/-/lzma-linux-ppc64-gnu-1.4.5.tgz#2f17b9d1fc920c6c511d2086c7623752172c2f07"
  integrity sha512-0XRhKuIU/9ZjT4WDIG/qnX7Xz7mSQHYZo9Gb3MP2gcvBgr6BA4zywQ9k3gmQaPn9ECE+CZg2V7DV7kT+x2pUMQ==

"@napi-rs/lzma-linux-riscv64-gnu@1.4.5":
  version "1.4.5"
  resolved "https://registry.npmmirror.com/@napi-rs/lzma-linux-riscv64-gnu/-/lzma-linux-riscv64-gnu-1.4.5.tgz#63c2a4e1157586252186e39604370d5b29c6db85"
  integrity sha512-QrqDIPEUUB23GCpyQj/QFyMlr8SGxxyExeZz9OWFnHfb70kXdTLWrHS/hEI1Ru+lSbQ/6xRqeoGyQ4Aqdg+/RA==

"@napi-rs/lzma-linux-s390x-gnu@1.4.5":
  version "1.4.5"
  resolved "https://registry.npmmirror.com/@napi-rs/lzma-linux-s390x-gnu/-/lzma-linux-s390x-gnu-1.4.5.tgz#6f2ca44bf5c5bef1b31d7516bf15d63c35cdf59f"
  integrity sha512-k8RVM5aMhW86E9H0QXdquwojew4H3SwPxbRVbl49/COJQWCUjGi79X6mYruMnMPEznZinUiT1jgKbFo2A00NdA==

"@napi-rs/lzma-linux-x64-gnu@1.4.5":
  version "1.4.5"
  resolved "https://registry.npmmirror.com/@napi-rs/lzma-linux-x64-gnu/-/lzma-linux-x64-gnu-1.4.5.tgz#54879d88a9c370687b5463c7c1b6208b718c1ab2"
  integrity sha512-6rMtBgnIq2Wcl1rQdZsnM+rtCcVCbws1nF8S2NzaUsVaZv8bjrPiAa0lwg4Eqnn1d9lgwqT+cZgm5m+//K08Kw==

"@napi-rs/lzma-linux-x64-musl@1.4.5":
  version "1.4.5"
  resolved "https://registry.npmmirror.com/@napi-rs/lzma-linux-x64-musl/-/lzma-linux-x64-musl-1.4.5.tgz#412705f6925f10f45122bd0f3e2fb6e597bed4f8"
  integrity sha512-eiadGBKi7Vd0bCArBUOO/qqRYPHt/VQVvGyYvDFt6C2ZSIjlD+HuOl+2oS1sjf4CFjK4eDIog6EdXnL0NE6iyQ==

"@napi-rs/lzma-wasm32-wasi@1.4.5":
  version "1.4.5"
  resolved "https://registry.npmmirror.com/@napi-rs/lzma-wasm32-wasi/-/lzma-wasm32-wasi-1.4.5.tgz#4b74abfd144371123cb6f5b7bad5bae868206ecf"
  integrity sha512-+VyHHlr68dvey6fXc2hehw9gHVFIW3TtGF1XkcbAu65qVXsA9D/T+uuoRVqhE+JCyFHFrO0ixRbZDRK1XJt1sA==
  dependencies:
    "@napi-rs/wasm-runtime" "^1.0.3"

"@napi-rs/lzma-win32-arm64-msvc@1.4.5":
  version "1.4.5"
  resolved "https://registry.npmmirror.com/@napi-rs/lzma-win32-arm64-msvc/-/lzma-win32-arm64-msvc-1.4.5.tgz#7ed8c80d588fa244a7fd55249cb0d011d04bf984"
  integrity sha512-eewnqvIyyhHi3KaZtBOJXohLvwwN27gfS2G/YDWdfHlbz1jrmfeHAmzMsP5qv8vGB+T80TMHNkro4kYjeh6Deg==

"@napi-rs/lzma-win32-ia32-msvc@1.4.5":
  version "1.4.5"
  resolved "https://registry.npmmirror.com/@napi-rs/lzma-win32-ia32-msvc/-/lzma-win32-ia32-msvc-1.4.5.tgz#e6f70ca87bd88370102aa610ee9e44ec28911b46"
  integrity sha512-OeacFVRCJOKNU/a0ephUfYZ2Yt+NvaHze/4TgOwJ0J0P4P7X1mHzN+ig9Iyd74aQDXYqc7kaCXA2dpAOcH87Cg==

"@napi-rs/lzma-win32-x64-msvc@1.4.5":
  version "1.4.5"
  resolved "https://registry.npmmirror.com/@napi-rs/lzma-win32-x64-msvc/-/lzma-win32-x64-msvc-1.4.5.tgz#ecfcfe364e805915608ce0ff41ed4c950fdb51b8"
  integrity sha512-T4I1SamdSmtyZgDXGAGP+y5LEK5vxHUFwe8mz6D4R7Sa5/WCxTcCIgPJ9BD7RkpO17lzhlaM2vmVvMy96Lvk9Q==

"@napi-rs/lzma@^1.4.5":
  version "1.4.5"
  resolved "https://registry.npmmirror.com/@napi-rs/lzma/-/lzma-1.4.5.tgz#43e17cdfe332a3f33fa640422da348db3d8825e1"
  integrity sha512-zS5LuN1OBPAyZpda2ZZgYOEDC+xecUdAGnrvbYzjnLXkrq/OBC3B9qcRvlxbDR3k5H/gVfvef1/jyUqPknqjbg==
  optionalDependencies:
    "@napi-rs/lzma-android-arm-eabi" "1.4.5"
    "@napi-rs/lzma-android-arm64" "1.4.5"
    "@napi-rs/lzma-darwin-arm64" "1.4.5"
    "@napi-rs/lzma-darwin-x64" "1.4.5"
    "@napi-rs/lzma-freebsd-x64" "1.4.5"
    "@napi-rs/lzma-linux-arm-gnueabihf" "1.4.5"
    "@napi-rs/lzma-linux-arm64-gnu" "1.4.5"
    "@napi-rs/lzma-linux-arm64-musl" "1.4.5"
    "@napi-rs/lzma-linux-ppc64-gnu" "1.4.5"
    "@napi-rs/lzma-linux-riscv64-gnu" "1.4.5"
    "@napi-rs/lzma-linux-s390x-gnu" "1.4.5"
    "@napi-rs/lzma-linux-x64-gnu" "1.4.5"
    "@napi-rs/lzma-linux-x64-musl" "1.4.5"
    "@napi-rs/lzma-wasm32-wasi" "1.4.5"
    "@napi-rs/lzma-win32-arm64-msvc" "1.4.5"
    "@napi-rs/lzma-win32-ia32-msvc" "1.4.5"
    "@napi-rs/lzma-win32-x64-msvc" "1.4.5"

"@napi-rs/tar-android-arm-eabi@1.1.0":
  version "1.1.0"
  resolved "https://registry.npmmirror.com/@napi-rs/tar-android-arm-eabi/-/tar-android-arm-eabi-1.1.0.tgz#08ae6ebbaf38d416954a28ca09bf77410d5b0c2b"
  integrity sha512-h2Ryndraj/YiKgMV/r5by1cDusluYIRT0CaE0/PekQ4u+Wpy2iUVqvzVU98ZPnhXaNeYxEvVJHNGafpOfaD0TA==

"@napi-rs/tar-android-arm64@1.1.0":
  version "1.1.0"
  resolved "https://registry.npmmirror.com/@napi-rs/tar-android-arm64/-/tar-android-arm64-1.1.0.tgz#825a76140116f89d7e930245bda9f70b196da565"
  integrity sha512-DJFyQHr1ZxNZorm/gzc1qBNLF/FcKzcH0V0Vwan5P+o0aE2keQIGEjJ09FudkF9v6uOuJjHCVDdK6S6uHtShAw==

"@napi-rs/tar-darwin-arm64@1.1.0":
  version "1.1.0"
  resolved "https://registry.npmmirror.com/@napi-rs/tar-darwin-arm64/-/tar-darwin-arm64-1.1.0.tgz#8821616c40ea52ec2c00a055be56bf28dee76013"
  integrity sha512-Zz2sXRzjIX4e532zD6xm2SjXEym6MkvfCvL2RMpG2+UwNVDVscHNcz3d47Pf3sysP2e2af7fBB3TIoK2f6trPw==

"@napi-rs/tar-darwin-x64@1.1.0":
  version "1.1.0"
  resolved "https://registry.npmmirror.com/@napi-rs/tar-darwin-x64/-/tar-darwin-x64-1.1.0.tgz#4a975e41932a145c58181cb43c8f483c3858e359"
  integrity sha512-EI+CptIMNweT0ms9S3mkP/q+J6FNZ1Q6pvpJOEcWglRfyfQpLqjlC0O+dptruTPE8VamKYuqdjxfqD8hifZDOA==

"@napi-rs/tar-freebsd-x64@1.1.0":
  version "1.1.0"
  resolved "https://registry.npmmirror.com/@napi-rs/tar-freebsd-x64/-/tar-freebsd-x64-1.1.0.tgz#5ebc0633f257b258aacc59ac1420835513ed0967"
  integrity sha512-J0PIqX+pl6lBIAckL/c87gpodLbjZB1OtIK+RDscKC9NLdpVv6VGOxzUV/fYev/hctcE8EfkLbgFOfpmVQPg2g==

"@napi-rs/tar-linux-arm-gnueabihf@1.1.0":
  version "1.1.0"
  resolved "https://registry.npmmirror.com/@napi-rs/tar-linux-arm-gnueabihf/-/tar-linux-arm-gnueabihf-1.1.0.tgz#1d309bd4f46f0490353d9608e79d260cf6c7cd43"
  integrity sha512-SLgIQo3f3EjkZ82ZwvrEgFvMdDAhsxCYjyoSuWfHCz0U16qx3SuGCp8+FYOPYCECHN3ZlGjXnoAIt9ERd0dEUg==

"@napi-rs/tar-linux-arm64-gnu@1.1.0":
  version "1.1.0"
  resolved "https://registry.npmmirror.com/@napi-rs/tar-linux-arm64-gnu/-/tar-linux-arm64-gnu-1.1.0.tgz#88d974821f3f8e9ee6948b4d51c78c019dee88ad"
  integrity sha512-d014cdle52EGaH6GpYTQOP9Py7glMO1zz/+ynJPjjzYFSxvdYx0byrjumZk2UQdIyGZiJO2MEFpCkEEKFSgPYA==

"@napi-rs/tar-linux-arm64-musl@1.1.0":
  version "1.1.0"
  resolved "https://registry.npmmirror.com/@napi-rs/tar-linux-arm64-musl/-/tar-linux-arm64-musl-1.1.0.tgz#ab2baee7b288df5e68cef0b2d12fa79d2a551b58"
  integrity sha512-L/y1/26q9L/uBqiW/JdOb/Dc94egFvNALUZV2WCGKQXc6UByPBMgdiEyW2dtoYxYYYYc+AKD+jr+wQPcvX2vrQ==

"@napi-rs/tar-linux-ppc64-gnu@1.1.0":
  version "1.1.0"
  resolved "https://registry.npmmirror.com/@napi-rs/tar-linux-ppc64-gnu/-/tar-linux-ppc64-gnu-1.1.0.tgz#7500e60d27849ba36fa4802a346249974e7ecf74"
  integrity sha512-EPE1K/80RQvPbLRJDJs1QmCIcH+7WRi0F73+oTe1582y9RtfGRuzAkzeBuAGRXAQEjRQw/RjtNqr6UTJ+8UuWQ==

"@napi-rs/tar-linux-s390x-gnu@1.1.0":
  version "1.1.0"
  resolved "https://registry.npmmirror.com/@napi-rs/tar-linux-s390x-gnu/-/tar-linux-s390x-gnu-1.1.0.tgz#cfc0923bfad1dea8ef9da22148a8d4932aa52d08"
  integrity sha512-B2jhWiB1ffw1nQBqLUP1h4+J1ovAxBOoe5N2IqDMOc63fsPZKNqF1PvO/dIem8z7LL4U4bsfmhy3gBfu547oNQ==

"@napi-rs/tar-linux-x64-gnu@1.1.0":
  version "1.1.0"
  resolved "https://registry.npmmirror.com/@napi-rs/tar-linux-x64-gnu/-/tar-linux-x64-gnu-1.1.0.tgz#5fdf9e1bb12b10a951c6ab03268a9f8d9788c929"
  integrity sha512-tbZDHnb9617lTnsDMGo/eAMZxnsQFnaRe+MszRqHguKfMwkisc9CCJnks/r1o84u5fECI+J/HOrKXgczq/3Oww==

"@napi-rs/tar-linux-x64-musl@1.1.0":
  version "1.1.0"
  resolved "https://registry.npmmirror.com/@napi-rs/tar-linux-x64-musl/-/tar-linux-x64-musl-1.1.0.tgz#f001fc0a0a2996dcf99e787a15eade8dce215e91"
  integrity sha512-dV6cODlzbO8u6Anmv2N/ilQHq/AWz0xyltuXoLU3yUyXbZcnWYZuB2rL8OBGPmqNcD+x9NdScBNXh7vWN0naSQ==

"@napi-rs/tar-wasm32-wasi@1.1.0":
  version "1.1.0"
  resolved "https://registry.npmmirror.com/@napi-rs/tar-wasm32-wasi/-/tar-wasm32-wasi-1.1.0.tgz#c1c7df7738b23f1cdbcff261d5bea6968d0a3c9a"
  integrity sha512-jIa9nb2HzOrfH0F8QQ9g3WE4aMH5vSI5/1NYVNm9ysCmNjCCtMXCAhlI3WKCdm/DwHf0zLqdrrtDFXODcNaqMw==
  dependencies:
    "@napi-rs/wasm-runtime" "^1.0.3"

"@napi-rs/tar-win32-arm64-msvc@1.1.0":
  version "1.1.0"
  resolved "https://registry.npmmirror.com/@napi-rs/tar-win32-arm64-msvc/-/tar-win32-arm64-msvc-1.1.0.tgz#4c8519eab28021e1eda0847433cab949d5389833"
  integrity sha512-vfpG71OB0ijtjemp3WTdmBKJm9R70KM8vsSExMsIQtV0lVzP07oM1CW6JbNRPXNLhRoue9ofYLiUDk8bE0Hckg==

"@napi-rs/tar-win32-ia32-msvc@1.1.0":
  version "1.1.0"
  resolved "https://registry.npmmirror.com/@napi-rs/tar-win32-ia32-msvc/-/tar-win32-ia32-msvc-1.1.0.tgz#4f61af0da2c53b23f7d58c77970eaa4449e8eb79"
  integrity sha512-hGPyPW60YSpOSgzfy68DLBHgi6HxkAM+L59ZZZPMQ0TOXjQg+p2EW87+TjZfJOkSpbYiEkULwa/f4a2hcVjsqQ==

"@napi-rs/tar-win32-x64-msvc@1.1.0":
  version "1.1.0"
  resolved "https://registry.npmmirror.com/@napi-rs/tar-win32-x64-msvc/-/tar-win32-x64-msvc-1.1.0.tgz#eb63fb44ecde001cce6be238f175e66a06c15035"
  integrity sha512-L6Ed1DxXK9YSCMyvpR8MiNAyKNkQLjsHsHK9E0qnHa8NzLFqzDKhvs5LfnWxM2kJ+F7m/e5n9zPm24kHb3LsVw==

"@napi-rs/tar@^1.1.0":
  version "1.1.0"
  resolved "https://registry.npmmirror.com/@napi-rs/tar/-/tar-1.1.0.tgz#acecd9e29f705a3f534d5fb3d8aa36b3266727d0"
  integrity sha512-7cmzIu+Vbupriudo7UudoMRH2OA3cTw67vva8MxeoAe5S7vPFI7z0vp0pMXiA25S8IUJefImQ90FeJjl8fjEaQ==
  optionalDependencies:
    "@napi-rs/tar-android-arm-eabi" "1.1.0"
    "@napi-rs/tar-android-arm64" "1.1.0"
    "@napi-rs/tar-darwin-arm64" "1.1.0"
    "@napi-rs/tar-darwin-x64" "1.1.0"
    "@napi-rs/tar-freebsd-x64" "1.1.0"
    "@napi-rs/tar-linux-arm-gnueabihf" "1.1.0"
    "@napi-rs/tar-linux-arm64-gnu" "1.1.0"
    "@napi-rs/tar-linux-arm64-musl" "1.1.0"
    "@napi-rs/tar-linux-ppc64-gnu" "1.1.0"
    "@napi-rs/tar-linux-s390x-gnu" "1.1.0"
    "@napi-rs/tar-linux-x64-gnu" "1.1.0"
    "@napi-rs/tar-linux-x64-musl" "1.1.0"
    "@napi-rs/tar-wasm32-wasi" "1.1.0"
    "@napi-rs/tar-win32-arm64-msvc" "1.1.0"
    "@napi-rs/tar-win32-ia32-msvc" "1.1.0"
    "@napi-rs/tar-win32-x64-msvc" "1.1.0"

"@napi-rs/wasm-runtime@^1.0.3":
  version "1.1.1"
  resolved "https://registry.npmmirror.com/@napi-rs/wasm-runtime/-/wasm-runtime-1.1.1.tgz#c3705ab549d176b8dc5172723d6156c3dc426af2"
  integrity sha512-p64ah1M1ld8xjWv3qbvFwHiFVWrq1yFvV4f7w+mzaqiR4IlSgkqhcRdHwsGgomwzBH51sRY4NEowLxnaBjcW/A==
  dependencies:
    "@emnapi/core" "^1.7.1"
    "@emnapi/runtime" "^1.7.1"
    "@tybys/wasm-util" "^0.10.1"

"@napi-rs/wasm-tools-android-arm-eabi@1.0.1":
  version "1.0.1"
  resolved "https://registry.npmmirror.com/@napi-rs/wasm-tools-android-arm-eabi/-/wasm-tools-android-arm-eabi-1.0.1.tgz#a709f93ddd95508a4ef949b5ceff2b2e85b676f7"
  integrity sha512-lr07E/l571Gft5v4aA1dI8koJEmF1F0UigBbsqg9OWNzg80H3lDPO+auv85y3T/NHE3GirDk7x/D3sLO57vayw==

"@napi-rs/wasm-tools-android-arm64@1.0.1":
  version "1.0.1"
  resolved "https://registry.npmmirror.com/@napi-rs/wasm-tools-android-arm64/-/wasm-tools-android-arm64-1.0.1.tgz#304b5761b4fcc871b876ebd34975c72c9d11a7fc"
  integrity sha512-WDR7S+aRLV6LtBJAg5fmjKkTZIdrEnnQxgdsb7Cf8pYiMWBHLU+LC49OUVppQ2YSPY0+GeYm9yuZWW3kLjJ7Bg==

"@napi-rs/wasm-tools-darwin-arm64@1.0.1":
  version "1.0.1"
  resolved "https://registry.npmmirror.com/@napi-rs/wasm-tools-darwin-arm64/-/wasm-tools-darwin-arm64-1.0.1.tgz#dafb4330986a8b46e8de1603ea2f6932a19634c6"
  integrity sha512-qWTI+EEkiN0oIn/N2gQo7+TVYil+AJ20jjuzD2vATS6uIjVz+Updeqmszi7zq7rdFTLp6Ea3/z4kDKIfZwmR9g==

"@napi-rs/wasm-tools-darwin-x64@1.0.1":
  version "1.0.1"
  resolved "https://registry.npmmirror.com/@napi-rs/wasm-tools-darwin-x64/-/wasm-tools-darwin-x64-1.0.1.tgz#0919e63714ee0a52b1120f6452bbc3a4d793ce3c"
  integrity sha512-bA6hubqtHROR5UI3tToAF/c6TDmaAgF0SWgo4rADHtQ4wdn0JeogvOk50gs2TYVhKPE2ZD2+qqt7oBKB+sxW3A==

"@napi-rs/wasm-tools-freebsd-x64@1.0.1":
  version "1.0.1"
  resolved "https://registry.npmmirror.com/@napi-rs/wasm-tools-freebsd-x64/-/wasm-tools-freebsd-x64-1.0.1.tgz#1f50a2d5d5af041c55634f43f623ae49192bce9c"
  integrity sha512-90+KLBkD9hZEjPQW1MDfwSt5J1L46EUKacpCZWyRuL6iIEO5CgWU0V/JnEgFsDOGyyYtiTvHc5bUdUTWd4I9Vg==

"@napi-rs/wasm-tools-linux-arm64-gnu@1.0.1":
  version "1.0.1"
  resolved "https://registry.npmmirror.com/@napi-rs/wasm-tools-linux-arm64-gnu/-/wasm-tools-linux-arm64-gnu-1.0.1.tgz#6106d5e65a25ec2ae417c2fcfebd5c8f14d80e84"
  integrity sha512-rG0QlS65x9K/u3HrKafDf8cFKj5wV2JHGfl8abWgKew0GVPyp6vfsDweOwHbWAjcHtp2LHi6JHoW80/MTHm52Q==

"@napi-rs/wasm-tools-linux-arm64-musl@1.0.1":
  version "1.0.1"
  resolved "https://registry.npmmirror.com/@napi-rs/wasm-tools-linux-arm64-musl/-/wasm-tools-linux-arm64-musl-1.0.1.tgz#0eb3d4d1fbc1938b0edd907423840365ebc53859"
  integrity sha512-jAasbIvjZXCgX0TCuEFQr+4D6Lla/3AAVx2LmDuMjgG4xoIXzjKWl7c4chuaD+TI+prWT0X6LJcdzFT+ROKGHQ==

"@napi-rs/wasm-tools-linux-x64-gnu@1.0.1":
  version "1.0.1"
  resolved "https://registry.npmmirror.com/@napi-rs/wasm-tools-linux-x64-gnu/-/wasm-tools-linux-x64-gnu-1.0.1.tgz#5de6a567083a83efed16d046f47b680cbe7c9b53"
  integrity sha512-Plgk5rPqqK2nocBGajkMVbGm010Z7dnUgq0wtnYRZbzWWxwWcXfZMPa8EYxrK4eE8SzpI7VlZP1tdVsdjgGwMw==

"@napi-rs/wasm-tools-linux-x64-musl@1.0.1":
  version "1.0.1"
  resolved "https://registry.npmmirror.com/@napi-rs/wasm-tools-linux-x64-musl/-/wasm-tools-linux-x64-musl-1.0.1.tgz#04cc17ef12b4e5012f2d0e46b09cabe473566e5a"
  integrity sha512-GW7AzGuWxtQkyHknHWYFdR0CHmW6is8rG2Rf4V6GNmMpmwtXt/ItWYWtBe4zqJWycMNazpfZKSw/BpT7/MVCXQ==

"@napi-rs/wasm-tools-wasm32-wasi@1.0.1":
  version "1.0.1"
  resolved "https://registry.npmmirror.com/@napi-rs/wasm-tools-wasm32-wasi/-/wasm-tools-wasm32-wasi-1.0.1.tgz#6ced3bd03428c854397f00509b1694c3af857a0f"
  integrity sha512-/nQVSTrqSsn7YdAc2R7Ips/tnw5SPUcl3D7QrXCNGPqjbatIspnaexvaOYNyKMU6xPu+pc0BTnKVmqhlJJCPLA==
  dependencies:
    "@napi-rs/wasm-runtime" "^1.0.3"

"@napi-rs/wasm-tools-win32-arm64-msvc@1.0.1":
  version "1.0.1"
  resolved "https://registry.npmmirror.com/@napi-rs/wasm-tools-win32-arm64-msvc/-/wasm-tools-win32-arm64-msvc-1.0.1.tgz#e776f66eb637eee312b562e987c0a5871ddc6dac"
  integrity sha512-PFi7oJIBu5w7Qzh3dwFea3sHRO3pojMsaEnUIy22QvsW+UJfNQwJCryVrpoUt8m4QyZXI+saEq/0r4GwdoHYFQ==

"@napi-rs/wasm-tools-win32-ia32-msvc@1.0.1":
  version "1.0.1"
  resolved "https://registry.npmmirror.com/@napi-rs/wasm-tools-win32-ia32-msvc/-/wasm-tools-win32-ia32-msvc-1.0.1.tgz#9167919a62d24cb3a46f01fada26fee38aeaf884"
  integrity sha512-gXkuYzxQsgkj05Zaq+KQTkHIN83dFAwMcTKa2aQcpYPRImFm2AQzEyLtpXmyCWzJ0F9ZYAOmbSyrNew8/us6bw==

"@napi-rs/wasm-tools-win32-x64-msvc@1.0.1":
  version "1.0.1"
  resolved "https://registry.npmmirror.com/@napi-rs/wasm-tools-win32-x64-msvc/-/wasm-tools-win32-x64-msvc-1.0.1.tgz#f896ab29a83605795bb12cf2cfc1a215bc830c65"
  integrity sha512-rEAf05nol3e3eei2sRButmgXP+6ATgm0/38MKhz9Isne82T4rPIMYsCIFj0kOisaGeVwoi2fnm7O9oWp5YVnYQ==

"@napi-rs/wasm-tools@^1.0.1":
  version "1.0.1"
  resolved "https://registry.npmmirror.com/@napi-rs/wasm-tools/-/wasm-tools-1.0.1.tgz#f54caa0132322fd5275690b2aeb581d11539262f"
  integrity sha512-enkZYyuCdo+9jneCPE/0fjIta4wWnvVN9hBo2HuiMpRF0q3lzv1J6b/cl7i0mxZUKhBrV3aCKDBQnCOhwKbPmQ==
  optionalDependencies:
    "@napi-rs/wasm-tools-android-arm-eabi" "1.0.1"
    "@napi-rs/wasm-tools-android-arm64" "1.0.1"
    "@napi-rs/wasm-tools-darwin-arm64" "1.0.1"
    "@napi-rs/wasm-tools-darwin-x64" "1.0.1"
    "@napi-rs/wasm-tools-freebsd-x64" "1.0.1"
    "@napi-rs/wasm-tools-linux-arm64-gnu" "1.0.1"
    "@napi-rs/wasm-tools-linux-arm64-musl" "1.0.1"
    "@napi-rs/wasm-tools-linux-x64-gnu" "1.0.1"
    "@napi-rs/wasm-tools-linux-x64-musl" "1.0.1"
    "@napi-rs/wasm-tools-wasm32-wasi" "1.0.1"
    "@napi-rs/wasm-tools-win32-arm64-msvc" "1.0.1"
    "@napi-rs/wasm-tools-win32-ia32-msvc" "1.0.1"
    "@napi-rs/wasm-tools-win32-x64-msvc" "1.0.1"

"@octokit/auth-token@^6.0.0":
  version "6.0.0"
  resolved "https://registry.npmmirror.com/@octokit/auth-token/-/auth-token-6.0.0.tgz#b02e9c08a2d8937df09a2a981f226ad219174c53"
  integrity sha512-P4YJBPdPSpWTQ1NU4XYdvHvXJJDxM6YwpS0FZHRgP7YFkdVxsWcpWGy/NVqlAA7PcPCnMacXlRm1y2PFZRWL/w==

"@octokit/core@^7.0.6":
  version "7.0.6"
  resolved "https://registry.npmmirror.com/@octokit/core/-/core-7.0.6.tgz#0d58704391c6b681dec1117240ea4d2a98ac3916"
  integrity sha512-DhGl4xMVFGVIyMwswXeyzdL4uXD5OGILGX5N8Y+f6W7LhC1Ze2poSNrkF/fedpVDHEEZ+PHFW0vL14I+mm8K3Q==
  dependencies:
    "@octokit/auth-token" "^6.0.0"
    "@octokit/graphql" "^9.0.3"
    "@octokit/request" "^10.0.6"
    "@octokit/request-error" "^7.0.2"
    "@octokit/types" "^16.0.0"
    before-after-hook "^4.0.0"
    universal-user-agent "^7.0.0"

"@octokit/endpoint@^11.0.2":
  version "11.0.2"
  resolved "https://registry.npmmirror.com/@octokit/endpoint/-/endpoint-11.0.2.tgz#a8d955e053a244938b81d86cd73efd2dcb5ef5af"
  integrity sha512-4zCpzP1fWc7QlqunZ5bSEjxc6yLAlRTnDwKtgXfcI/FxxGoqedDG8V2+xJ60bV2kODqcGB+nATdtap/XYq2NZQ==
  dependencies:
    "@octokit/types" "^16.0.0"
    universal-user-agent "^7.0.2"

"@octokit/graphql@^9.0.3":
  version "9.0.3"
  resolved "https://registry.npmmirror.com/@octokit/graphql/-/graphql-9.0.3.tgz#5b8341c225909e924b466705c13477face869456"
  integrity sha512-grAEuupr/C1rALFnXTv6ZQhFuL1D8G5y8CN04RgrO4FIPMrtm+mcZzFG7dcBm+nq+1ppNixu+Jd78aeJOYxlGA==
  dependencies:
    "@octokit/request" "^10.0.6"
    "@octokit/types" "^16.0.0"
    universal-user-agent "^7.0.0"

"@octokit/openapi-types@^27.0.0":
  version "27.0.0"
  resolved "https://registry.npmmirror.com/@octokit/openapi-types/-/openapi-types-27.0.0.tgz#374ea53781965fd02a9d36cacb97e152cefff12d"
  integrity sha512-whrdktVs1h6gtR+09+QsNk2+FO+49j6ga1c55YZudfEG+oKJVvJLQi3zkOm5JjiUXAagWK2tI2kTGKJ2Ys7MGA==

"@octokit/plugin-paginate-rest@^14.0.0":
  version "14.0.0"
  resolved "https://registry.npmmirror.com/@octokit/plugin-paginate-rest/-/plugin-paginate-rest-14.0.0.tgz#44dc9fff2dacb148d4c5c788b573ddc044503026"
  integrity sha512-fNVRE7ufJiAA3XUrha2omTA39M6IXIc6GIZLvlbsm8QOQCYvpq/LkMNGyFlB1d8hTDzsAXa3OKtybdMAYsV/fw==
  dependencies:
    "@octokit/types" "^16.0.0"

"@octokit/plugin-request-log@^6.0.0":
  version "6.0.0"
  resolved "https://registry.npmmirror.com/@octokit/plugin-request-log/-/plugin-request-log-6.0.0.tgz#de1c1e557df6c08adb631bf78264fa741e01b317"
  integrity sha512-UkOzeEN3W91/eBq9sPZNQ7sUBvYCqYbrrD8gTbBuGtHEuycE4/awMXcYvx6sVYo7LypPhmQwwpUe4Yyu4QZN5Q==

"@octokit/plugin-rest-endpoint-methods@^17.0.0":
  version "17.0.0"
  resolved "https://registry.npmmirror.com/@octokit/plugin-rest-endpoint-methods/-/plugin-rest-endpoint-methods-17.0.0.tgz#8c54397d3a4060356a1c8a974191ebf945924105"
  integrity sha512-B5yCyIlOJFPqUUeiD0cnBJwWJO8lkJs5d8+ze9QDP6SvfiXSz1BF+91+0MeI1d2yxgOhU/O+CvtiZ9jSkHhFAw==
  dependencies:
    "@octokit/types" "^16.0.0"

"@octokit/request-error@^7.0.2":
  version "7.1.0"
  resolved "https://registry.npmmirror.com/@octokit/request-error/-/request-error-7.1.0.tgz#440fa3cae310466889778f5a222b47a580743638"
  integrity sha512-KMQIfq5sOPpkQYajXHwnhjCC0slzCNScLHs9JafXc4RAJI+9f+jNDlBNaIMTvazOPLgb4BnlhGJOTbnN0wIjPw==
  dependencies:
    "@octokit/types" "^16.0.0"

"@octokit/request@^10.0.6":
  version "10.0.7"
  resolved "https://registry.npmmirror.com/@octokit/request/-/request-10.0.7.tgz#93f619914c523750a85e7888de983e1009eb03f6"
  integrity sha512-v93h0i1yu4idj8qFPZwjehoJx4j3Ntn+JhXsdJrG9pYaX6j/XRz2RmasMUHtNgQD39nrv/VwTWSqK0RNXR8upA==
  dependencies:
    "@octokit/endpoint" "^11.0.2"
    "@octokit/request-error" "^7.0.2"
    "@octokit/types" "^16.0.0"
    fast-content-type-parse "^3.0.0"
    universal-user-agent "^7.0.2"

"@octokit/rest@^22.0.1":
  version "22.0.1"
  resolved "https://registry.npmmirror.com/@octokit/rest/-/rest-22.0.1.tgz#4d866c32b76b711d3f736f91992e2b534163b416"
  integrity sha512-Jzbhzl3CEexhnivb1iQ0KJ7s5vvjMWcmRtq5aUsKmKDrRW6z3r84ngmiFKFvpZjpiU/9/S6ITPFRpn5s/3uQJw==
  dependencies:
    "@octokit/core" "^7.0.6"
    "@octokit/plugin-paginate-rest" "^14.0.0"
    "@octokit/plugin-request-log" "^6.0.0"
    "@octokit/plugin-rest-endpoint-methods" "^17.0.0"

"@octokit/types@^16.0.0":
  version "16.0.0"
  resolved "https://registry.npmmirror.com/@octokit/types/-/types-16.0.0.tgz#fbd7fa590c2ef22af881b1d79758bfaa234dbb7c"
  integrity sha512-sKq+9r1Mm4efXW1FCk7hFSeJo4QKreL/tTbR0rz/qx/r1Oa2VV83LTA/H/MuCOX7uCIJmQVRKBcbmWoySjAnSg==
  dependencies:
    "@octokit/openapi-types" "^27.0.0"

"@tybys/wasm-util@^0.10.1":
  version "0.10.1"
  resolved "https://registry.npmmirror.com/@tybys/wasm-util/-/wasm-util-0.10.1.tgz#ecddd3205cf1e2d5274649ff0eedd2991ed7f414"
  integrity sha512-9tTaPJLSiejZKx+Bmog4uSubteqTvFrVrURwkmHixBo0G4seD0zUxp98E1DzUBJxLQ3NPwXrGKDiVjwx/DpPsg==
  dependencies:
    tslib "^2.4.0"

ansi-regex@^6.0.1:
  version "6.2.2"
  resolved "https://registry.npmmirror.com/ansi-regex/-/ansi-regex-6.2.2.tgz#60216eea464d864597ce2832000738a0589650c1"
  integrity sha512-Bq3SmSpyFHaWjPk8If9yc6svM8c56dB5BAtW4Qbw5jHTwwXXcTLoRMkpDJp6VL0XzlWaCHTXrkFURMYmD0sLqg==

ansi-styles@^6.2.1:
  version "6.2.3"
  resolved "https://registry.npmmirror.com/ansi-styles/-/ansi-styles-6.2.3.tgz#c044d5dcc521a076413472597a1acb1f103c4041"
  integrity sha512-4Dj6M28JB+oAH8kFkTLUo+a2jwOFkuqb3yucU0CANcRRUbxS0cP0nZYCGjcc3BNXwRIsUVmDGgzawme7zvJHvg==

argparse@^2.0.1:
  version "2.0.1"
  resolved "https://registry.npmmirror.com/argparse/-/argparse-2.0.1.tgz#246f50f3ca78a3240f6c997e8a9bd1eac49e4b38"
  integrity sha512-8+9WqebbFzpX9OR+Wa6O29asIogeRMzcGtAINdpMHHyAg10f05aSFVBbcEqGf/PXw1EjAZ+q2/bEBg3DvurK3Q==

before-after-hook@^4.0.0:
  version "4.0.0"
  resolved "https://registry.npmmirror.com/before-after-hook/-/before-after-hook-4.0.0.tgz#cf1447ab9160df6a40f3621da64d6ffc36050cb9"
  integrity sha512-q6tR3RPqIB1pMiTRMFcZwuG5T8vwp+vUvEG0vuI6B+Rikh5BfPp2fQ82c925FOs+b0lcFQ8CFrL+KbilfZFhOQ==

chardet@^2.1.1:
  version "2.1.1"
  resolved "https://registry.npmmirror.com/chardet/-/chardet-2.1.1.tgz#5c75593704a642f71ee53717df234031e65373c8"
  integrity sha512-PsezH1rqdV9VvyNhxxOW32/d75r01NY7TQCmOqomRo15ZSOKbpTFVsfjghxo6JloQUCGnH4k1LGu0R4yCLlWQQ==

cli-width@^4.1.0:
  version "4.1.0"
  resolved "https://registry.npmmirror.com/cli-width/-/cli-width-4.1.0.tgz#42daac41d3c254ef38ad8ac037672130173691c5"
  integrity sha512-ouuZd4/dm2Sw5Gmqy6bGyNNNe1qt9RpmxveLSO7KcgsTnU7RXfsw+/bukWGo1abgBiMAic068rclZsO4IWmmxQ==

clipanion@^4.0.0-rc.4:
  version "4.0.0-rc.4"
  resolved "https://registry.npmmirror.com/clipanion/-/clipanion-4.0.0-rc.4.tgz#7191a940e47ef197e5f18c9cbbe419278b5f5903"
  integrity sha512-CXkMQxU6s9GklO/1f714dkKBMu1lopS1WFF0B8o4AxPykR1hpozxSiUZ5ZUeBjfPgCWqbcNOtZVFhB8Lkfp1+Q==
  dependencies:
    typanion "^3.8.0"

colorette@^2.0.20:
  version "2.0.20"
  resolved "https://registry.npmmirror.com/colorette/-/colorette-2.0.20.tgz#9eb793e6833067f7235902fcd3b09917a000a95a"
  integrity sha512-IfEDxwoWIjkeXL1eXcDiow4UbKjhLdq6/EuSVR9GMN7KVH3r9gQ83e73hsz1Nd1T3ijd5xv1wcWRYO+D6kCI2w==

debug@^4.4.1:
  version "4.4.3"
  resolved "https://registry.npmmirror.com/debug/-/debug-4.4.3.tgz#c6ae432d9bd9662582fce08709b038c58e9e3d6a"
  integrity sha512-RGwwWnwQvkVfavKVt22FGLw+xYSdzARwm0ru6DhTVA3umU5hZc28V3kO4stgYryrTlLpuvgI9GiijltAjNbcqA==
  dependencies:
    ms "^2.1.3"

emnapi@^1.9.1:
  version "1.10.0"
  resolved "https://registry.npmmirror.com/emnapi/-/emnapi-1.10.0.tgz#ea2e87b2ea51d214a28794b1d20628cac9386348"
  integrity sha512-swoyZjupDvLoe/KC3HZ4SY1JUN+tviT6eOZ3Px28TZAYdBHtRIiMWWrIUUH+2/9CYY4fNTID1YhYZ+kdFHszHg==

emoji-regex@^10.3.0:
  version "10.6.0"
  resolved "https://registry.npmmirror.com/emoji-regex/-/emoji-regex-10.6.0.tgz#bf3d6e8f7f8fd22a65d9703475bc0147357a6b0d"
  integrity sha512-toUI84YS5YmxW219erniWD0CIVOo46xGKColeNQRgOzDorgBi1v4D71/OFzgD9GO2UGKIv1C3Sp8DAn0+j5w7A==

es-toolkit@^1.41.0:
  version "1.44.0"
  resolved "https://registry.npmmirror.com/es-toolkit/-/es-toolkit-1.44.0.tgz#b363b436b6115c3cc9cc21954c1e08ecdaa51c8c"
  integrity sha512-6penXeZalaV88MM3cGkFZZfOoLGWshWWfdy0tWw/RlVVyhvMaWSBTOvXNeiW3e5FwdS5ePW0LGEu17zT139ktg==

fast-content-type-parse@^3.0.0:
  version "3.0.0"
  resolved "https://registry.npmmirror.com/fast-content-type-parse/-/fast-content-type-parse-3.0.0.tgz#5590b6c807cc598be125e6740a9fde589d2b7afb"
  integrity sha512-ZvLdcY8P+N8mGQJahJV5G4U88CSvT1rP8ApL6uETe88MBXrBHAkZlSEySdUlyztF7ccb+Znos3TFqaepHxdhBg==

get-east-asian-width@^1.0.0:
  version "1.4.0"
  resolved "https://registry.npmmirror.com/get-east-asian-width/-/get-east-asian-width-1.4.0.tgz#9bc4caa131702b4b61729cb7e42735bc550c9ee6"
  integrity sha512-QZjmEOC+IT1uk6Rx0sX22V6uHWVwbdbxf1faPqJ1QhLdGgsRGCZoyaQBm/piRdJy/D2um6hM1UP7ZEeQ4EkP+Q==

iconv-lite@^0.7.2:
  version "0.7.2"
  resolved "https://registry.npmmirror.com/iconv-lite/-/iconv-lite-0.7.2.tgz#d0bdeac3f12b4835b7359c2ad89c422a4d1cc72e"
  integrity sha512-im9DjEDQ55s9fL4EYzOAv0yMqmMBSZp6G0VvFyTMPKWxiSBHUj9NW/qqLmXUwXrrM7AvqSlTCfvqRb0cM8yYqw==
  dependencies:
    safer-buffer ">= 2.1.2 < 3.0.0"

js-yaml@^4.1.0:
  version "4.1.1"
  resolved "https://registry.npmmirror.com/js-yaml/-/js-yaml-4.1.1.tgz#854c292467705b699476e1a2decc0c8a3458806b"
  integrity sha512-qQKT4zQxXl8lLwBtHMWwaTcGfFOZviOJet3Oy/xmGk2gZH677CJM9EvtfdSkgWcATZhj/55JZ0rmy3myCT5lsA==
  dependencies:
    argparse "^2.0.1"

ms@^2.1.3:
  version "2.1.3"
  resolved "https://registry.npmmirror.com/ms/-/ms-2.1.3.tgz#574c8138ce1d2b5861f0b44579dbadd60c6615b2"
  integrity sha512-6FlzubTLZG3J2a/NVCAleEhjzq5oxgHyaCU9yYXvcLsvoVaHJq/s5xXI6/XXP6tz7R9xAOtHnSO/tXtF3WRTlA==

mute-stream@^3.0.0:
  version "3.0.0"
  resolved "https://registry.npmmirror.com/mute-stream/-/mute-stream-3.0.0.tgz#cd8014dd2acb72e1e91bb67c74f0019e620ba2d1"
  integrity sha512-dkEJPVvun4FryqBmZ5KhDo0K9iDXAwn08tMLDinNdRBNPcYEDiWYysLcc6k3mjTMlbP9KyylvRpd4wFtwrT9rw==

obug@^2.0.0:
  version "2.1.1"
  resolved "https://registry.npmmirror.com/obug/-/obug-2.1.1.tgz#2cba74ff241beb77d63055ddf4cd1e9f90b538be"
  integrity sha512-uTqF9MuPraAQ+IsnPf366RG4cP9RtUi7MLO1N3KEc+wb0a6yKpeL0lmk2IB1jY5KHPAlTc6T/JRdC/YqxHNwkQ==

"safer-buffer@>= 2.1.2 < 3.0.0":
  version "2.1.2"
  resolved "https://registry.npmmirror.com/safer-buffer/-/safer-buffer-2.1.2.tgz#44fa161b0187b9549dd84bb91802f9bd8385cd6a"
  integrity sha512-YZo3K82SD7Riyi0E1EQPojLz7kpepnSQI9IyPbHHg1XXXevb5dJI7tpyN2ADxGcQbHG7vcyRHk0cbwqcQriUtg==

semver@^7.7.3:
  version "7.7.3"
  resolved "https://registry.npmmirror.com/semver/-/semver-7.7.3.tgz#4b5f4143d007633a8dc671cd0a6ef9147b8bb946"
  integrity sha512-SdsKMrI9TdgjdweUSR9MweHA4EJ8YxHn8DFaDisvhVlUOe4BF1tLD7GAj0lIqWVl+dPb/rExr0Btby5loQm20Q==

signal-exit@^4.1.0:
  version "4.1.0"
  resolved "https://registry.npmmirror.com/signal-exit/-/signal-exit-4.1.0.tgz#952188c1cbd546070e2dd20d0f41c0ae0530cb04"
  integrity sha512-bzyZ1e88w9O1iNJbKnOlvYTrWPDl46O1bG0D3XInv+9tkPrxrN8jUUTiFlDkkmKWgn1M6CfIA13SuGqOa9Korw==

string-width@^7.0.0:
  version "7.2.0"
  resolved "https://registry.npmmirror.com/string-width/-/string-width-7.2.0.tgz#b5bb8e2165ce275d4d43476dd2700ad9091db6dc"
  integrity sha512-tsaTIkKW9b4N+AEj+SVA+WhJzV7/zMhcSu78mLKWSk7cXMOSHsBKFWUs0fWwq8QyK3MgJBQRX6Gbi4kYbdvGkQ==
  dependencies:
    emoji-regex "^10.3.0"
    get-east-asian-width "^1.0.0"
    strip-ansi "^7.1.0"

strip-ansi@^7.1.0:
  version "7.1.2"
  resolved "https://registry.npmmirror.com/strip-ansi/-/strip-ansi-7.1.2.tgz#132875abde678c7ea8d691533f2e7e22bb744dba"
  integrity sha512-gmBGslpoQJtgnMAvOVqGZpEz9dyoKTCzy2nfz/n8aIFhN/jCE/rCmcxabB6jOOHV+0WNnylOxaxBQPSvcWklhA==
  dependencies:
    ansi-regex "^6.0.1"

tiny-benchy@^2.1.0:
  version "2.1.0"
  resolved "https://registry.npmmirror.com/tiny-benchy/-/tiny-benchy-2.1.0.tgz#f14c2597c54dd4c35ab582824ca4613a60d010d3"
  integrity sha512-84QOWzFrcrswVVfpGp0Bg1uLLKC59EdgT58l57A8J8orCR2wGemCsqsxhpJ7JmbTx8py2915+B9kpcsPDmuTcQ==

tslib@^2.4.0:
  version "2.8.1"
  resolved "https://registry.npmmirror.com/tslib/-/tslib-2.8.1.tgz#612efe4ed235d567e8aba5f2a5fab70280ade83f"
  integrity sha512-oJFu94HQb+KVduSUQL7wnpmqnfmLsOA/nAh6b6EH0wCEoK0/mPeXU6c3wKDV83MkOuHPRHtSXKKU99IBazS/2w==

typanion@^3.14.0, typanion@^3.8.0:
  version "3.14.0"
  resolved "https://registry.npmmirror.com/typanion/-/typanion-3.14.0.tgz#a766a91810ce8258033975733e836c43a2929b94"
  integrity sha512-ZW/lVMRabETuYCd9O9ZvMhAh8GslSqaUjxmK/JLPCh6l73CvLBiuXswj/+7LdnWOgYsQ130FqLzFz5aGT4I3Ug==

universal-user-agent@^7.0.0, universal-user-agent@^7.0.2:
  version "7.0.3"
  resolved "https://registry.npmmirror.com/universal-user-agent/-/universal-user-agent-7.0.3.tgz#c05870a58125a2dc00431f2df815a77fe69736be"
  integrity sha512-TmnEAEAsBJVZM/AADELsK76llnwcf9vMKuPz8JflO1frO8Lchitr0fNaN9d+Ap0BjKtqWqd/J17qeDnXh8CL2A==

wrap-ansi@^9.0.2:
  version "9.0.2"
  resolved "https://registry.npmmirror.com/wrap-ansi/-/wrap-ansi-9.0.2.tgz#956832dea9494306e6d209eb871643bb873d7c98"
  integrity sha512-42AtmgqjV+X1VpdOfyTGOYRi0/zsoLqtXQckTmqTeybT+BDIbM/Guxo7x3pE2vtpr1ok6xRqM9OpBe+Jyoqyww==
  dependencies:
    ansi-styles "^6.2.1"
    string-width "^7.0.0"
    strip-ansi "^7.1.0"
