# THIS IS AN AUTOGENERATED FILE. DO NOT EDIT THIS FILE DIRECTLY.
# yarn lockfile v1


"@napi-rs/cli@^2.0.0":
  version "2.1.0"
  resolved "https://registry.yarnpkg.com/@napi-rs/cli/-/cli-2.1.0.tgz#c0d34051e7488d6e7f2ffd14ba06909fa68b491d"
  integrity sha512-1qXXjODcXqYsBQcmIFxlsg8yh2JDRPg/GJryDxXFOu8L2tscmVPGiPgSfEX3MI1r7jPUxVePKk/Gbv9k22fASw==

tiny-benchy@^2.1.0:
  version "2.1.0"
  resolved "https://registry.yarnpkg.com/tiny-benchy/-/tiny-benchy-2.1.0.tgz#f14c2597c54dd4c35ab582824ca4613a60d010d3"
  integrity sha512-84QOWzFrcrswVVfpGp0Bg1uLLKC59EdgT58l57A8J8orCR2wGemCsqsxhpJ7JmbTx8py2915+B9kpcsPDmuTcQ==
